
Microsoft Visual Studio Solution File, Format Version 12.00
# Visual Studio Version 16
VisualStudioVersion = 16.0.31624.102
MinimumVisualStudioVersion = 10.0.40219.1
Project("{FAE04EC0-301F-11D3-BF4B-00C04F79EFBC}") = "עבודה לחודש ספטמבר", "WebApplication2\עבודה לחודש ספטמבר.csproj", "{68C6FACD-53AE-4FB1-8F72-D347CE422EC3}"
EndProject
Global
	GlobalSection(SolutionConfigurationPlatforms) = preSolution
		Debug|Any CPU = Debug|Any CPU
		Release|Any CPU = Release|Any CPU
	EndGlobalSection
	GlobalSection(ProjectConfigurationPlatforms) = postSolution
		{68C6FACD-53AE-4FB1-8F72-D347CE422EC3}.Debug|Any CPU.ActiveCfg = Debug|Any CPU
		{68C6FACD-53AE-4FB1-8F72-D347CE422EC3}.Debug|Any CPU.Build.0 = Debug|Any CPU
		{68C6FACD-53AE-4FB1-8F72-D347CE422EC3}.Release|Any CPU.ActiveCfg = Release|Any CPU
		{68C6FACD-53AE-4FB1-8F72-D347CE422EC3}.Release|Any CPU.Build.0 = Release|Any CPU
	EndGlobalSection
	GlobalSection(SolutionProperties) = preSolution
		HideSolutionNode = FALSE
	EndGlobalSection
	GlobalSection(ExtensibilityGlobals) = postSolution
		SolutionGuid = {F9BE02A6-766A-4940-A95D-2BE60E26DEDB}
	EndGlobalSection
EndGlobal
